
Microsoft Visual Studio Solution File, Format Version 12.00
Project("{FAE04EC0-301F-11D3-BF4B-00C04F79EFBC}") = "TaxiManagement0", "TaxiManagement0\TaxiManagement0.csproj", "{6304AA9D-C422-46CD-BB5D-DE463BD919ED}"
EndProject
Global
	GlobalSection(SolutionConfigurationPlatforms) = preSolution
		Debug|Any CPU = Debug|Any CPU
		Release|Any CPU = Release|Any CPU
	EndGlobalSection
	GlobalSection(ProjectConfigurationPlatforms) = postSolution
		{6304AA9D-C422-46CD-BB5D-DE463BD919ED}.Debug|Any CPU.ActiveCfg = Debug|Any CPU
		{6304AA9D-C422-46CD-BB5D-DE463BD919ED}.Debug|Any CPU.Build.0 = Debug|Any CPU
		{6304AA9D-C422-46CD-BB5D-DE463BD919ED}.Release|Any CPU.ActiveCfg = Release|Any CPU
		{6304AA9D-C422-46CD-BB5D-DE463BD919ED}.Release|Any CPU.Build.0 = Release|Any CPU
	EndGlobalSection
EndGlobal
